// !$*UTF8*$!
{
	archiveVersion = 1;
	classes = {
	};
	objectVersion = 56;
	objects = {

/* Begin PBXBuildFile section */
		0D8D1D292A7CB5830007E2D6 /* CryptTrackApp.swift in Sources */ = {isa = PBXBuildFile; fileRef = 0D8D1D282A7CB5830007E2D6 /* CryptTrackApp.swift */; };
		0D8D1D2B2A7CB5830007E2D6 /* ContentView.swift in Sources */ = {isa = PBXBuildFile; fileRef = 0D8D1D2A2A7CB5830007E2D6 /* ContentView.swift */; };
		0D8D1D2D2A7CB5840007E2D6 /* Assets.xcassets in Resources */ = {isa = PBXBuildFile; fileRef = 0D8D1D2C2A7CB5840007E2D6 /* Assets.xcassets */; };
		0D8D1D302A7CB5840007E2D6 /* Preview Assets.xcassets in Resources */ = {isa = PBXBuildFile; fileRef = 0D8D1D2F2A7CB5840007E2D6 /* Preview Assets.xcassets */; };
		0D8D1D3A2A7CB5840007E2D6 /* CryptTrackTests.swift in Sources */ = {isa = PBXBuildFile; fileRef = 0D8D1D392A7CB5840007E2D6 /* CryptTrackTests.swift */; };
		0D8D1D442A7CB5840007E2D6 /* CryptTrackUITests.swift in Sources */ = {isa = PBXBuildFile; fileRef = 0D8D1D432A7CB5840007E2D6 /* CryptTrackUITests.swift */; };
		0D8D1D462A7CB5840007E2D6 /* CryptTrackUITestsLaunchTests.swift in Sources */ = {isa = PBXBuildFile; fileRef = 0D8D1D452A7CB5840007E2D6 /* CryptTrackUITestsLaunchTests.swift */; };
		0D8D1D532A7CB5DF0007E2D6 /* Crypto-Model.swift in Sources */ = {isa = PBXBuildFile; fileRef = 0D8D1D522A7CB5DF0007E2D6 /* Crypto-Model.swift */; };
		0D8D1D582A7CB91E0007E2D6 /* CryptoAPI-Manager.swift in Sources */ = {isa = PBXBuildFile; fileRef = 0D8D1D572A7CB91E0007E2D6 /* CryptoAPI-Manager.swift */; };
		0D8D1D5B2A7CBC140007E2D6 /* Conten-ViewModel.swift in Sources */ = {isa = PBXBuildFile; fileRef = 0D8D1D5A2A7CBC140007E2D6 /* Conten-ViewModel.swift */; };
/* End PBXBuildFile section */

/* Begin PBXContainerItemProxy section */
		0D8D1D362A7CB5840007E2D6 /* PBXContainerItemProxy */ = {
			isa = PBXContainerItemProxy;
			containerPortal = 0D8D1D1D2A7CB5830007E2D6 /* Project object */;
			proxyType = 1;
			remoteGlobalIDString = 0D8D1D242A7CB5830007E2D6;
			remoteInfo = CryptTrack;
		};
		0D8D1D402A7CB5840007E2D6 /* PBXContainerItemProxy */ = {
			isa = PBXContainerItemProxy;
			containerPortal = 0D8D1D1D2A7CB5830007E2D6 /* Project object */;
			proxyType = 1;
			remoteGlobalIDString = 0D8D1D242A7CB5830007E2D6;
			remoteInfo = CryptTrack;
		};
/* End PBXContainerItemProxy section */

/* Begin PBXFileReference section */
		0D8D1D252A7CB5830007E2D6 /* CryptTrack.app */ = {isa = PBXFileReference; explicitFileType = wrapper.application; includeInIndex = 0; path = CryptTrack.app; sourceTree = BUILT_PRODUCTS_DIR; };
		0D8D1D282A7CB5830007E2D6 /* CryptTrackApp.swift */ = {isa = PBXFileReference; lastKnownFileType = sourcecode.swift; path = CryptTrackApp.swift; sourceTree = "<group>"; };
		0D8D1D2A2A7CB5830007E2D6 /* ContentView.swift */ = {isa = PBXFileReference; lastKnownFileType = sourcecode.swift; path = ContentView.swift; sourceTree = "<group>"; };
		0D8D1D2C2A7CB5840007E2D6 /* Assets.xcassets */ = {isa = PBXFileReference; lastKnownFileType = folder.assetcatalog; path = Assets.xcassets; sourceTree = "<group>"; };
		0D8D1D2F2A7CB5840007E2D6 /* Preview Assets.xcassets */ = {isa = PBXFileReference; lastKnownFileType = folder.assetcatalog; path = "Preview Assets.xcassets"; sourceTree = "<group>"; };
		0D8D1D352A7CB5840007E2D6 /* CryptTrackTests.xctest */ = {isa = PBXFileReference; explicitFileType = wrapper.cfbundle; includeInIndex = 0; path = CryptTrackTests.xctest; sourceTree = BUILT_PRODUCTS_DIR; };
		0D8D1D392A7CB5840007E2D6 /* CryptTrackTests.swift */ = {isa = PBXFileReference; lastKnownFileType = sourcecode.swift; path = CryptTrackTests.swift; sourceTree = "<group>"; };
		0D8D1D3F2A7CB5840007E2D6 /* CryptTrackUITests.xctest */ = {isa = PBXFileReference; explicitFileType = wrapper.cfbundle; includeInIndex = 0; path = CryptTrackUITests.xctest; sourceTree = BUILT_PRODUCTS_DIR; };
		0D8D1D432A7CB5840007E2D6 /* CryptTrackUITests.swift */ = {isa = PBXFileReference; lastKnownFileType = sourcecode.swift; path = CryptTrackUITests.swift; sourceTree = "<group>"; };
		0D8D1D452A7CB5840007E2D6 /* CryptTrackUITestsLaunchTests.swift */ = {isa = PBXFileReference; lastKnownFileType = sourcecode.swift; path = CryptTrackUITestsLaunchTests.swift; sourceTree = "<group>"; };
		0D8D1D522A7CB5DF0007E2D6 /* Crypto-Model.swift */ = {isa = PBXFileReference; lastKnownFileType = sourcecode.swift; path = "Crypto-Model.swift"; sourceTree = "<group>"; };
		0D8D1D572A7CB91E0007E2D6 /* CryptoAPI-Manager.swift */ = {isa = PBXFileReference; lastKnownFileType = sourcecode.swift; path = "CryptoAPI-Manager.swift"; sourceTree = "<group>"; };
		0D8D1D5A2A7CBC140007E2D6 /* Conten-ViewModel.swift */ = {isa = PBXFileReference; lastKnownFileType = sourcecode.swift; path = "Conten-ViewModel.swift"; sourceTree = "<group>"; };
/* End PBXFileReference section */

/* Begin PBXFrameworksBuildPhase section */
		0D8D1D222A7CB5830007E2D6 /* Frameworks */ = {
			isa = PBXFrameworksBuildPhase;
			buildActionMask = 2147483647;
			files = (
			);
			runOnlyForDeploymentPostprocessing = 0;
		};
		0D8D1D322A7CB5840007E2D6 /* Frameworks */ = {
			isa = PBXFrameworksBuildPhase;
			buildActionMask = 2147483647;
			files = (
			);
			runOnlyForDeploymentPostprocessing = 0;
		};
		0D8D1D3C2A7CB5840007E2D6 /* Frameworks */ = {
			isa = PBXFrameworksBuildPhase;
			buildActionMask = 2147483647;
			files = (
			);
			runOnlyForDeploymentPostprocessing = 0;
		};
/* End PBXFrameworksBuildPhase section */

/* Begin PBXGroup section */
		0D8D1D1C2A7CB5830007E2D6 = {
			isa = PBXGroup;
			children = (
				0D8D1D272A7CB5830007E2D6 /* CryptTrack */,
				0D8D1D382A7CB5840007E2D6 /* CryptTrackTests */,
				0D8D1D422A7CB5840007E2D6 /* CryptTrackUITests */,
				0D8D1D262A7CB5830007E2D6 /* Products */,
			);
			sourceTree = "<group>";
		};
		0D8D1D262A7CB5830007E2D6 /* Products */ = {
			isa = PBXGroup;
			children = (
				0D8D1D252A7CB5830007E2D6 /* CryptTrack.app */,
				0D8D1D352A7CB5840007E2D6 /* CryptTrackTests.xctest */,
				0D8D1D3F2A7CB5840007E2D6 /* CryptTrackUITests.xctest */,
			);
			name = Products;
			sourceTree = "<group>";
		};
		0D8D1D272A7CB5830007E2D6 /* CryptTrack */ = {
			isa = PBXGroup;
			children = (
				0D8D1D562A7CB8F20007E2D6 /* API */,
				0D8D1D282A7CB5830007E2D6 /* CryptTrackApp.swift */,
				0D8D1D592A7CBBE80007E2D6 /* ContentView */,
				0D8D1D2C2A7CB5840007E2D6 /* Assets.xcassets */,
				0D8D1D2E2A7CB5840007E2D6 /* Preview Content */,
			);
			path = CryptTrack;
			sourceTree = "<group>";
		};
		0D8D1D2E2A7CB5840007E2D6 /* Preview Content */ = {
			isa = PBXGroup;
			children = (
				0D8D1D2F2A7CB5840007E2D6 /* Preview Assets.xcassets */,
			);
			path = "Preview Content";
			sourceTree = "<group>";
		};
		0D8D1D382A7CB5840007E2D6 /* CryptTrackTests */ = {
			isa = PBXGroup;
			children = (
				0D8D1D392A7CB5840007E2D6 /* CryptTrackTests.swift */,
			);
			path = CryptTrackTests;
			sourceTree = "<group>";
		};
		0D8D1D422A7CB5840007E2D6 /* CryptTrackUITests */ = {
			isa = PBXGroup;
			children = (
				0D8D1D432A7CB5840007E2D6 /* CryptTrackUITests.swift */,
				0D8D1D452A7CB5840007E2D6 /* CryptTrackUITestsLaunchTests.swift */,
			);
			path = CryptTrackUITests;
			sourceTree = "<group>";
		};
		0D8D1D562A7CB8F20007E2D6 /* API */ = {
			isa = PBXGroup;
			children = (
				0D8D1D522A7CB5DF0007E2D6 /* Crypto-Model.swift */,
				0D8D1D572A7CB91E0007E2D6 /* CryptoAPI-Manager.swift */,
			);
			path = API;
			sourceTree = "<group>";
		};
		0D8D1D592A7CBBE80007E2D6 /* ContentView */ = {
			isa = PBXGroup;
			children = (
				0D8D1D2A2A7CB5830007E2D6 /* ContentView.swift */,
				0D8D1D5A2A7CBC140007E2D6 /* Conten-ViewModel.swift */,
			);
			path = ContentView;
			sourceTree = "<group>";
		};
/* End PBXGroup section */

/* Begin PBXNativeTarget section */
		0D8D1D242A7CB5830007E2D6 /* CryptTrack */ = {
			isa = PBXNativeTarget;
			buildConfigurationList = 0D8D1D492A7CB5840007E2D6 /* Build configuration list for PBXNativeTarget "CryptTrack" */;
			buildPhases = (
				0D8D1D212A7CB5830007E2D6 /* Sources */,
				0D8D1D222A7CB5830007E2D6 /* Frameworks */,
				0D8D1D232A7CB5830007E2D6 /* Resources */,
			);
			buildRules = (
			);
			dependencies = (
			);
			name = CryptTrack;
			productName = CryptTrack;
			productReference = 0D8D1D252A7CB5830007E2D6 /* CryptTrack.app */;
			productType = "com.apple.product-type.application";
		};
		0D8D1D342A7CB5840007E2D6 /* CryptTrackTests */ = {
			isa = PBXNativeTarget;
			buildConfigurationList = 0D8D1D4C2A7CB5840007E2D6 /* Build configuration list for PBXNativeTarget "CryptTrackTests" */;
			buildPhases = (
				0D8D1D312A7CB5840007E2D6 /* Sources */,
				0D8D1D322A7CB5840007E2D6 /* Frameworks */,
				0D8D1D332A7CB5840007E2D6 /* Resources */,
			);
			buildRules = (
			);
			dependencies = (
				0D8D1D372A7CB5840007E2D6 /* PBXTargetDependency */,
			);
			name = CryptTrackTests;
			productName = CryptTrackTests;
			productReference = 0D8D1D352A7CB5840007E2D6 /* CryptTrackTests.xctest */;
			productType = "com.apple.product-type.bundle.unit-test";
		};
		0D8D1D3E2A7CB5840007E2D6 /* CryptTrackUITests */ = {
			isa = PBXNativeTarget;
			buildConfigurationList = 0D8D1D4F2A7CB5840007E2D6 /* Build configuration list for PBXNativeTarget "CryptTrackUITests" */;
			buildPhases = (
				0D8D1D3B2A7CB5840007E2D6 /* Sources */,
				0D8D1D3C2A7CB5840007E2D6 /* Frameworks */,
				0D8D1D3D2A7CB5840007E2D6 /* Resources */,
			);
			buildRules = (
			);
			dependencies = (
				0D8D1D412A7CB5840007E2D6 /* PBXTargetDependency */,
			);
			name = CryptTrackUITests;
			productName = CryptTrackUITests;
			productReference = 0D8D1D3F2A7CB5840007E2D6 /* CryptTrackUITests.xctest */;
			productType = "com.apple.product-type.bundle.ui-testing";
		};
/* End PBXNativeTarget section */

/* Begin PBXProject section */
		0D8D1D1D2A7CB5830007E2D6 /* Project object */ = {
			isa = PBXProject;
			attributes = {
				BuildIndependentTargetsInParallel = 1;
				LastSwiftUpdateCheck = 1430;
				LastUpgradeCheck = 1430;
				TargetAttributes = {
					0D8D1D242A7CB5830007E2D6 = {
						CreatedOnToolsVersion = 14.3.1;
					};
					0D8D1D342A7CB5840007E2D6 = {
						CreatedOnToolsVersion = 14.3.1;
						TestTargetID = 0D8D1D242A7CB5830007E2D6;
					};
					0D8D1D3E2A7CB5840007E2D6 = {
						CreatedOnToolsVersion = 14.3.1;
						TestTargetID = 0D8D1D242A7CB5830007E2D6;
					};
				};
			};
			buildConfigurationList = 0D8D1D202A7CB5830007E2D6 /* Build configuration list for PBXProject "CryptTrack" */;
			compatibilityVersion = "Xcode 14.0";
			developmentRegion = en;
			hasScannedForEncodings = 0;
			knownRegions = (
				en,
				Base,
			);
			mainGroup = 0D8D1D1C2A7CB5830007E2D6;
			productRefGroup = 0D8D1D262A7CB5830007E2D6 /* Products */;
			projectDirPath = "";
			projectRoot = "";
			targets = (
				0D8D1D242A7CB5830007E2D6 /* CryptTrack */,
				0D8D1D342A7CB5840007E2D6 /* CryptTrackTests */,
				0D8D1D3E2A7CB5840007E2D6 /* CryptTrackUITests */,
			);
		};
/* End PBXProject section */

/* Begin PBXResourcesBuildPhase section */
		0D8D1D232A7CB5830007E2D6 /* Resources */ = {
			isa = PBXResourcesBuildPhase;
			buildActionMask = 2147483647;
			files = (
				0D8D1D302A7CB5840007E2D6 /* Preview Assets.xcassets in Resources */,
				0D8D1D2D2A7CB5840007E2D6 /* Assets.xcassets in Resources */,
			);
			runOnlyForDeploymentPostprocessing = 0;
		};
		0D8D1D332A7CB5840007E2D6 /* Resources */ = {
			isa = PBXResourcesBuildPhase;
			buildActionMask = 2147483647;
			files = (
			);
			runOnlyForDeploymentPostprocessing = 0;
		};
		0D8D1D3D2A7CB5840007E2D6 /* Resources */ = {
			isa = PBXResourcesBuildPhase;
			buildActionMask = 2147483647;
			files = (
			);
			runOnlyForDeploymentPostprocessing = 0;
		};
/* End PBXResourcesBuildPhase section */

/* Begin PBXSourcesBuildPhase section */
		0D8D1D212A7CB5830007E2D6 /* Sources */ = {
			isa = PBXSourcesBuildPhase;
			buildActionMask = 2147483647;
			files = (
				0D8D1D532A7CB5DF0007E2D6 /* Crypto-Model.swift in Sources */,
				0D8D1D582A7CB91E0007E2D6 /* CryptoAPI-Manager.swift in Sources */,
				0D8D1D2B2A7CB5830007E2D6 /* ContentView.swift in Sources */,
				0D8D1D5B2A7CBC140007E2D6 /* Conten-ViewModel.swift in Sources */,
				0D8D1D292A7CB5830007E2D6 /* CryptTrackApp.swift in Sources */,
			);
			runOnlyForDeploymentPostprocessing = 0;
		};
		0D8D1D312A7CB5840007E2D6 /* Sources */ = {
			isa = PBXSourcesBuildPhase;
			buildActionMask = 2147483647;
			files = (
				0D8D1D3A2A7CB5840007E2D6 /* CryptTrackTests.swift in Sources */,
			);
			runOnlyForDeploymentPostprocessing = 0;
		};
		0D8D1D3B2A7CB5840007E2D6 /* Sources */ = {
			isa = PBXSourcesBuildPhase;
			buildActionMask = 2147483647;
			files = (
				0D8D1D442A7CB5840007E2D6 /* CryptTrackUITests.swift in Sources */,
				0D8D1D462A7CB5840007E2D6 /* CryptTrackUITestsLaunchTests.swift in Sources */,
			);
			runOnlyForDeploymentPostprocessing = 0;
		};
/* End PBXSourcesBuildPhase section */

/* Begin PBXTargetDependency section */
		0D8D1D372A7CB5840007E2D6 /* PBXTargetDependency */ = {
			isa = PBXTargetDependency;
			target = 0D8D1D242A7CB5830007E2D6 /* CryptTrack */;
			targetProxy = 0D8D1D362A7CB5840007E2D6 /* PBXContainerItemProxy */;
		};
		0D8D1D412A7CB5840007E2D6 /* PBXTargetDependency */ = {
			isa = PBXTargetDependency;
			target = 0D8D1D242A7CB5830007E2D6 /* CryptTrack */;
			targetProxy = 0D8D1D402A7CB5840007E2D6 /* PBXContainerItemProxy */;
		};
/* End PBXTargetDependency section */

/* Begin XCBuildConfiguration section */
		0D8D1D472A7CB5840007E2D6 /* Debug */ = {
			isa = XCBuildConfiguration;
			buildSettings = {
				ALWAYS_SEARCH_USER_PATHS = NO;
				CLANG_ANALYZER_NONNULL = YES;
				CLANG_ANALYZER_NUMBER_OBJECT_CONVERSION = YES_AGGRESSIVE;
				CLANG_CXX_LANGUAGE_STANDARD = "gnu++20";
				CLANG_ENABLE_MODULES = YES;
				CLANG_ENABLE_OBJC_ARC = YES;
				CLANG_ENABLE_OBJC_WEAK = YES;
				CLANG_WARN_BLOCK_CAPTURE_AUTORELEASING = YES;
				CLANG_WARN_BOOL_CONVERSION = YES;
				CLANG_WARN_COMMA = YES;
				CLANG_WARN_CONSTANT_CONVERSION = YES;
				CLANG_WARN_DEPRECATED_OBJC_IMPLEMENTATIONS = YES;
				CLANG_WARN_DIRECT_OBJC_ISA_USAGE = YES_ERROR;
				CLANG_WARN_DOCUMENTATION_COMMENTS = YES;
				CLANG_WARN_EMPTY_BODY = YES;
				CLANG_WARN_ENUM_CONVERSION = YES;
				CLANG_WARN_INFINITE_RECURSION = YES;
				CLANG_WARN_INT_CONVERSION = YES;
				CLANG_WARN_NON_LITERAL_NULL_CONVERSION = YES;
				CLANG_WARN_OBJC_IMPLICIT_RETAIN_SELF = YES;
				CLANG_WARN_OBJC_LITERAL_CONVERSION = YES;
				CLANG_WARN_OBJC_ROOT_CLASS = YES_ERROR;
				CLANG_WARN_QUOTED_INCLUDE_IN_FRAMEWORK_HEADER = YES;
				CLANG_WARN_RANGE_LOOP_ANALYSIS = YES;
				CLANG_WARN_STRICT_PROTOTYPES = YES;
				CLANG_WARN_SUSPICIOUS_MOVE = YES;
				CLANG_WARN_UNGUARDED_AVAILABILITY = YES_AGGRESSIVE;
				CLANG_WARN_UNREACHABLE_CODE = YES;
				CLANG_WARN__DUPLICATE_METHOD_MATCH = YES;
				COPY_PHASE_STRIP = NO;
				DEBUG_INFORMATION_FORMAT = dwarf;
				ENABLE_STRICT_OBJC_MSGSEND = YES;
				ENABLE_TESTABILITY = YES;
				GCC_C_LANGUAGE_STANDARD = gnu11;
				GCC_DYNAMIC_NO_PIC = NO;
				GCC_NO_COMMON_BLOCKS = YES;
				GCC_OPTIMIZATION_LEVEL = 0;
				GCC_PREPROCESSOR_DEFINITIONS = (
					"DEBUG=1",
					"$(inherited)",
				);
				GCC_WARN_64_TO_32_BIT_CONVERSION = YES;
				GCC_WARN_ABOUT_RETURN_TYPE = YES_ERROR;
				GCC_WARN_UNDECLARED_SELECTOR = YES;
				GCC_WARN_UNINITIALIZED_AUTOS = YES_AGGRESSIVE;
				GCC_WARN_UNUSED_FUNCTION = YES;
				GCC_WARN_UNUSED_VARIABLE = YES;
				IPHONEOS_DEPLOYMENT_TARGET = 16.4;
				MTL_ENABLE_DEBUG_INFO = INCLUDE_SOURCE;
				MTL_FAST_MATH = YES;
				ONLY_ACTIVE_ARCH = YES;
				SDKROOT = iphoneos;
				SWIFT_ACTIVE_COMPILATION_CONDITIONS = DEBUG;
				SWIFT_OPTIMIZATION_LEVEL = "-Onone";
			};
			name = Debug;
		};
		0D8D1D482A7CB5840007E2D6 /* Release */ = {
			isa = XCBuildConfiguration;
			buildSettings = {
				ALWAYS_SEARCH_USER_PATHS = NO;
				CLANG_ANALYZER_NONNULL = YES;
				CLANG_ANALYZER_NUMBER_OBJECT_CONVERSION = YES_AGGRESSIVE;
				CLANG_CXX_LANGUAGE_STANDARD = "gnu++20";
				CLANG_ENABLE_MODULES = YES;
				CLANG_ENABLE_OBJC_ARC = YES;
				CLANG_ENABLE_OBJC_WEAK = YES;
				CLANG_WARN_BLOCK_CAPTURE_AUTORELEASING = YES;
				CLANG_WARN_BOOL_CONVERSION = YES;
				CLANG_WARN_COMMA = YES;
				CLANG_WARN_CONSTANT_CONVERSION = YES;
				CLANG_WARN_DEPRECATED_OBJC_IMPLEMENTATIONS = YES;
				CLANG_WARN_DIRECT_OBJC_ISA_USAGE = YES_ERROR;
				CLANG_WARN_DOCUMENTATION_COMMENTS = YES;
				CLANG_WARN_EMPTY_BODY = YES;
				CLANG_WARN_ENUM_CONVERSION = YES;
				CLANG_WARN_INFINITE_RECURSION = YES;
				CLANG_WARN_INT_CONVERSION = YES;
				CLANG_WARN_NON_LITERAL_NULL_CONVERSION = YES;
				CLANG_WARN_OBJC_IMPLICIT_RETAIN_SELF = YES;
				CLANG_WARN_OBJC_LITERAL_CONVERSION = YES;
				CLANG_WARN_OBJC_ROOT_CLASS = YES_ERROR;
				CLANG_WARN_QUOTED_INCLUDE_IN_FRAMEWORK_HEADER = YES;
				CLANG_WARN_RANGE_LOOP_ANALYSIS = YES;
				CLANG_WARN_STRICT_PROTOTYPES = YES;
				CLANG_WARN_SUSPICIOUS_MOVE = YES;
				CLANG_WARN_UNGUARDED_AVAILABILITY = YES_AGGRESSIVE;
				CLANG_WARN_UNREACHABLE_CODE = YES;
				CLANG_WARN__DUPLICATE_METHOD_MATCH = YES;
				COPY_PHASE_STRIP = NO;
				DEBUG_INFORMATION_FORMAT = "dwarf-with-dsym";
				ENABLE_NS_ASSERTIONS = NO;
				ENABLE_STRICT_OBJC_MSGSEND = YES;
				GCC_C_LANGUAGE_STANDARD = gnu11;
				GCC_NO_COMMON_BLOCKS = YES;
				GCC_WARN_64_TO_32_BIT_CONVERSION = YES;
				GCC_WARN_ABOUT_RETURN_TYPE = YES_ERROR;
				GCC_WARN_UNDECLARED_SELECTOR = YES;
				GCC_WARN_UNINITIALIZED_AUTOS = YES_AGGRESSIVE;
				GCC_WARN_UNUSED_FUNCTION = YES;
				GCC_WARN_UNUSED_VARIABLE = YES;
				IPHONEOS_DEPLOYMENT_TARGET = 16.4;
				MTL_ENABLE_DEBUG_INFO = NO;
				MTL_FAST_MATH = YES;
				SDKROOT = iphoneos;
				SWIFT_COMPILATION_MODE = wholemodule;
				SWIFT_OPTIMIZATION_LEVEL = "-O";
				VALIDATE_PRODUCT = YES;
			};
			name = Release;
		};
		0D8D1D4A2A7CB5840007E2D6 /* Debug */ = {
			isa = XCBuildConfiguration;
			buildSettings = {
				ASSETCATALOG_COMPILER_APPICON_NAME = AppIcon;
				ASSETCATALOG_COMPILER_GLOBAL_ACCENT_COLOR_NAME = AccentColor;
				CODE_SIGN_STYLE = Automatic;
				CURRENT_PROJECT_VERSION = 1;
				DEVELOPMENT_ASSET_PATHS = "\"CryptTrack/Preview Content\"";
				ENABLE_PREVIEWS = YES;
				GENERATE_INFOPLIST_FILE = YES;
				INFOPLIST_KEY_UIApplicationSceneManifest_Generation = YES;
				INFOPLIST_KEY_UIApplicationSupportsIndirectInputEvents = YES;
				INFOPLIST_KEY_UILaunchScreen_Generation = YES;
				INFOPLIST_KEY_UISupportedInterfaceOrientations_iPad = "UIInterfaceOrientationPortrait UIInterfaceOrientationPortraitUpsideDown UIInterfaceOrientationLandscapeLeft UIInterfaceOrientationLandscapeRight";
				INFOPLIST_KEY_UISupportedInterfaceOrientations_iPhone = "UIInterfaceOrientationPortrait UIInterfaceOrientationLandscapeLeft UIInterfaceOrientationLandscapeRight";
				LD_RUNPATH_SEARCH_PATHS = (
					"$(inherited)",
					"@executable_path/Frameworks",
				);
				MARKETING_VERSION = 1.0;
				PRODUCT_BUNDLE_IDENTIFIER = a.CryptTrack;
				PRODUCT_NAME = "$(TARGET_NAME)";
				SWIFT_EMIT_LOC_STRINGS = YES;
				SWIFT_VERSION = 5.0;
				TARGETED_DEVICE_FAMILY = "1,2";
			};
			name = Debug;
		};
		0D8D1D4B2A7CB5840007E2D6 /* Release */ = {
			isa = XCBuildConfiguration;
			buildSettings = {
				ASSETCATALOG_COMPILER_APPICON_NAME = AppIcon;
				ASSETCATALOG_COMPILER_GLOBAL_ACCENT_COLOR_NAME = AccentColor;
				CODE_SIGN_STYLE = Automatic;
				CURRENT_PROJECT_VERSION = 1;
				DEVELOPMENT_ASSET_PATHS = "\"CryptTrack/Preview Content\"";
				ENABLE_PREVIEWS = YES;
				GENERATE_INFOPLIST_FILE = YES;
				INFOPLIST_KEY_UIApplicationSceneManifest_Generation = YES;
				INFOPLIST_KEY_UIApplicationSupportsIndirectInputEvents = YES;
				INFOPLIST_KEY_UILaunchScreen_Generation = YES;
				INFOPLIST_KEY_UISupportedInterfaceOrientations_iPad = "UIInterfaceOrientationPortrait UIInterfaceOrientationPortraitUpsideDown UIInterfaceOrientationLandscapeLeft UIInterfaceOrientationLandscapeRight";
				INFOPLIST_KEY_UISupportedInterfaceOrientations_iPhone = "UIInterfaceOrientationPortrait UIInterfaceOrientationLandscapeLeft UIInterfaceOrientationLandscapeRight";
				LD_RUNPATH_SEARCH_PATHS = (
					"$(inherited)",
					"@executable_path/Frameworks",
				);
				MARKETING_VERSION = 1.0;
				PRODUCT_BUNDLE_IDENTIFIER = a.CryptTrack;
				PRODUCT_NAME = "$(TARGET_NAME)";
				SWIFT_EMIT_LOC_STRINGS = YES;
				SWIFT_VERSION = 5.0;
				TARGETED_DEVICE_FAMILY = "1,2";
			};
			name = Release;
		};
		0D8D1D4D2A7CB5840007E2D6 /* Debug */ = {
			isa = XCBuildConfiguration;
			buildSettings = {
				ALWAYS_EMBED_SWIFT_STANDARD_LIBRARIES = YES;
				BUNDLE_LOADER = "$(TEST_HOST)";
				CODE_SIGN_STYLE = Automatic;
				CURRENT_PROJECT_VERSION = 1;
				GENERATE_INFOPLIST_FILE = YES;
				IPHONEOS_DEPLOYMENT_TARGET = 16.4;
				MARKETING_VERSION = 1.0;
				PRODUCT_BUNDLE_IDENTIFIER = a.CryptTrackTests;
				PRODUCT_NAME = "$(TARGET_NAME)";
				SWIFT_EMIT_LOC_STRINGS = NO;
				SWIFT_VERSION = 5.0;
				TARGETED_DEVICE_FAMILY = "1,2";
				TEST_HOST = "$(BUILT_PRODUCTS_DIR)/CryptTrack.app/$(BUNDLE_EXECUTABLE_FOLDER_PATH)/CryptTrack";
			};
			name = Debug;
		};
		0D8D1D4E2A7CB5840007E2D6 /* Release */ = {
			isa = XCBuildConfiguration;
			buildSettings = {
				ALWAYS_EMBED_SWIFT_STANDARD_LIBRARIES = YES;
				BUNDLE_LOADER = "$(TEST_HOST)";
				CODE_SIGN_STYLE = Automatic;
				CURRENT_PROJECT_VERSION = 1;
				GENERATE_INFOPLIST_FILE = YES;
				IPHONEOS_DEPLOYMENT_TARGET = 16.4;
				MARKETING_VERSION = 1.0;
				PRODUCT_BUNDLE_IDENTIFIER = a.CryptTrackTests;
				PRODUCT_NAME = "$(TARGET_NAME)";
				SWIFT_EMIT_LOC_STRINGS = NO;
				SWIFT_VERSION = 5.0;
				TARGETED_DEVICE_FAMILY = "1,2";
				TEST_HOST = "$(BUILT_PRODUCTS_DIR)/CryptTrack.app/$(BUNDLE_EXECUTABLE_FOLDER_PATH)/CryptTrack";
			};
			name = Release;
		};
		0D8D1D502A7CB5840007E2D6 /* Debug */ = {
			isa = XCBuildConfiguration;
			buildSettings = {
				ALWAYS_EMBED_SWIFT_STANDARD_LIBRARIES = YES;
				CODE_SIGN_STYLE = Automatic;
				CURRENT_PROJECT_VERSION = 1;
				GENERATE_INFOPLIST_FILE = YES;
				MARKETING_VERSION = 1.0;
				PRODUCT_BUNDLE_IDENTIFIER = a.CryptTrackUITests;
				PRODUCT_NAME = "$(TARGET_NAME)";
				SWIFT_EMIT_LOC_STRINGS = NO;
				SWIFT_VERSION = 5.0;
				TARGETED_DEVICE_FAMILY = "1,2";
				TEST_TARGET_NAME = CryptTrack;
			};
			name = Debug;
		};
		0D8D1D512A7CB5840007E2D6 /* Release */ = {
			isa = XCBuildConfiguration;
			buildSettings = {
				ALWAYS_EMBED_SWIFT_STANDARD_LIBRARIES = YES;
				CODE_SIGN_STYLE = Automatic;
				CURRENT_PROJECT_VERSION = 1;
				GENERATE_INFOPLIST_FILE = YES;
				MARKETING_VERSION = 1.0;
				PRODUCT_BUNDLE_IDENTIFIER = a.CryptTrackUITests;
				PRODUCT_NAME = "$(TARGET_NAME)";
				SWIFT_EMIT_LOC_STRINGS = NO;
				SWIFT_VERSION = 5.0;
				TARGETED_DEVICE_FAMILY = "1,2";
				TEST_TARGET_NAME = CryptTrack;
			};
			name = Release;
		};
/* End XCBuildConfiguration section */

/* Begin XCConfigurationList section */
		0D8D1D202A7CB5830007E2D6 /* Build configuration list for PBXProject "CryptTrack" */ = {
			isa = XCConfigurationList;
			buildConfigurations = (
				0D8D1D472A7CB5840007E2D6 /* Debug */,
				0D8D1D482A7CB5840007E2D6 /* Release */,
			);
			defaultConfigurationIsVisible = 0;
			defaultConfigurationName = Release;
		};
		0D8D1D492A7CB5840007E2D6 /* Build configuration list for PBXNativeTarget "CryptTrack" */ = {
			isa = XCConfigurationList;
			buildConfigurations = (
				0D8D1D4A2A7CB5840007E2D6 /* Debug */,
				0D8D1D4B2A7CB5840007E2D6 /* Release */,
			);
			defaultConfigurationIsVisible = 0;
			defaultConfigurationName = Release;
		};
		0D8D1D4C2A7CB5840007E2D6 /* Build configuration list for PBXNativeTarget "CryptTrackTests" */ = {
			isa = XCConfigurationList;
			buildConfigurations = (
				0D8D1D4D2A7CB5840007E2D6 /* Debug */,
				0D8D1D4E2A7CB5840007E2D6 /* Release */,
			);
			defaultConfigurationIsVisible = 0;
			defaultConfigurationName = Release;
		};
		0D8D1D4F2A7CB5840007E2D6 /* Build configuration list for PBXNativeTarget "CryptTrackUITests" */ = {
			isa = XCConfigurationList;
			buildConfigurations = (
				0D8D1D502A7CB5840007E2D6 /* Debug */,
				0D8D1D512A7CB5840007E2D6 /* Release */,
			);
			defaultConfigurationIsVisible = 0;
			defaultConfigurationName = Release;
		};
/* End XCConfigurationList section */
	};
	rootObject = 0D8D1D1D2A7CB5830007E2D6 /* Project object */;
}
